// !$*UTF8*$!
{
	archiveVersion = 1;
	classes = {
	};
	objectVersion = 56;
	objects = {

/* Begin PBXBuildFile section */
		7FBC2D162C4EA794005F52FE /* AppDelegate.swift in Sources */ = {isa = PBXBuildFile; fileRef = 7FBC2D152C4EA794005F52FE /* AppDelegate.swift */; };
		7FBC2D182C4EA794005F52FE /* SceneDelegate.swift in Sources */ = {isa = PBXBuildFile; fileRef = 7FBC2D172C4EA794005F52FE /* SceneDelegate.swift */; };
		7FBC2D1A2C4EA794005F52FE /* SplashViewController.swift in Sources */ = {isa = PBXBuildFile; fileRef = 7FBC2D192C4EA794005F52FE /* SplashViewController.swift */; };
		7FBC2D1D2C4EA794005F52FE /* Base in Resources */ = {isa = PBXBuildFile; fileRef = 7FBC2D1C2C4EA794005F52FE /* Base */; };
		7FBC2D202C4EA794005F52FE /* EvaWeatherUIkit.xcdatamodeld in Sources */ = {isa = PBXBuildFile; fileRef = 7FBC2D1E2C4EA794005F52FE /* EvaWeatherUIkit.xcdatamodeld */; };
		7FBC2D222C4EA796005F52FE /* Assets.xcassets in Resources */ = {isa = PBXBuildFile; fileRef = 7FBC2D212C4EA796005F52FE /* Assets.xcassets */; };
		7FBC2D252C4EA796005F52FE /* Base in Resources */ = {isa = PBXBuildFile; fileRef = 7FBC2D242C4EA796005F52FE /* Base */; };
		7FBC2D2E2C4FA01A005F52FE /* WeatherData.swift in Sources */ = {isa = PBXBuildFile; fileRef = 7FBC2D2D2C4FA019005F52FE /* WeatherData.swift */; };
		7FBC2D362C4FA76E005F52FE /* CitiesTableViewController.swift in Sources */ = {isa = PBXBuildFile; fileRef = 7FBC2D352C4FA76E005F52FE /* CitiesTableViewController.swift */; };
		7FBC2D382C5004DF005F52FE /* WeatherInteractor.swift in Sources */ = {isa = PBXBuildFile; fileRef = 7FBC2D372C5004DF005F52FE /* WeatherInteractor.swift */; };
		7FBC2D3C2C501D8F005F52FE /* WeatherPresenter.swift in Sources */ = {isa = PBXBuildFile; fileRef = 7FBC2D3B2C501D8F005F52FE /* WeatherPresenter.swift */; };
		7FBC2D3E2C5028BE005F52FE /* weatherRouter.swift in Sources */ = {isa = PBXBuildFile; fileRef = 7FBC2D3D2C5028BE005F52FE /* weatherRouter.swift */; };
		7FBC2D402C5028E6005F52FE /* CitiesDetailsViewController.swift in Sources */ = {isa = PBXBuildFile; fileRef = 7FBC2D3F2C5028E6005F52FE /* CitiesDetailsViewController.swift */; };
		7FBC2D492C503BD9005F52FE /* CitiesTableViewCell.xib in Resources */ = {isa = PBXBuildFile; fileRef = 7FBC2D482C503BD9005F52FE /* CitiesTableViewCell.xib */; };
		7FBC2D4A2C503BD9005F52FE /* CitiesTableViewCell.swift in Sources */ = {isa = PBXBuildFile; fileRef = 7FBC2D472C503BD9005F52FE /* CitiesTableViewCell.swift */; };
		7FBC2D4E2C50E4CB005F52FE /* FavouriteDelegation.swift in Sources */ = {isa = PBXBuildFile; fileRef = 7FBC2D4D2C50E4CB005F52FE /* FavouriteDelegation.swift */; };
/* End PBXBuildFile section */

/* Begin PBXFileReference section */
		7FBC2D122C4EA794005F52FE /* EvaWeatherUIkit.app */ = {isa = PBXFileReference; explicitFileType = wrapper.application; includeInIndex = 0; path = EvaWeatherUIkit.app; sourceTree = BUILT_PRODUCTS_DIR; };
		7FBC2D152C4EA794005F52FE /* AppDelegate.swift */ = {isa = PBXFileReference; lastKnownFileType = sourcecode.swift; path = AppDelegate.swift; sourceTree = "<group>"; };
		7FBC2D172C4EA794005F52FE /* SceneDelegate.swift */ = {isa = PBXFileReference; lastKnownFileType = sourcecode.swift; path = SceneDelegate.swift; sourceTree = "<group>"; };
		7FBC2D192C4EA794005F52FE /* SplashViewController.swift */ = {isa = PBXFileReference; lastKnownFileType = sourcecode.swift; path = SplashViewController.swift; sourceTree = "<group>"; };
		7FBC2D1C2C4EA794005F52FE /* Base */ = {isa = PBXFileReference; lastKnownFileType = file.storyboard; name = Base; path = Base.lproj/Main.storyboard; sourceTree = "<group>"; };
		7FBC2D1F2C4EA794005F52FE /* EvaWeatherUIkit.xcdatamodel */ = {isa = PBXFileReference; lastKnownFileType = wrapper.xcdatamodel; path = EvaWeatherUIkit.xcdatamodel; sourceTree = "<group>"; };
		7FBC2D212C4EA796005F52FE /* Assets.xcassets */ = {isa = PBXFileReference; lastKnownFileType = folder.assetcatalog; path = Assets.xcassets; sourceTree = "<group>"; };
		7FBC2D242C4EA796005F52FE /* Base */ = {isa = PBXFileReference; lastKnownFileType = file.storyboard; name = Base; path = Base.lproj/LaunchScreen.storyboard; sourceTree = "<group>"; };
		7FBC2D262C4EA796005F52FE /* Info.plist */ = {isa = PBXFileReference; lastKnownFileType = text.plist.xml; path = Info.plist; sourceTree = "<group>"; };
		7FBC2D2D2C4FA019005F52FE /* WeatherData.swift */ = {isa = PBXFileReference; lastKnownFileType = sourcecode.swift; path = WeatherData.swift; sourceTree = "<group>"; };
		7FBC2D352C4FA76E005F52FE /* CitiesTableViewController.swift */ = {isa = PBXFileReference; lastKnownFileType = sourcecode.swift; path = CitiesTableViewController.swift; sourceTree = "<group>"; };
		7FBC2D372C5004DF005F52FE /* WeatherInteractor.swift */ = {isa = PBXFileReference; lastKnownFileType = sourcecode.swift; path = WeatherInteractor.swift; sourceTree = "<group>"; };
		7FBC2D3B2C501D8F005F52FE /* WeatherPresenter.swift */ = {isa = PBXFileReference; lastKnownFileType = sourcecode.swift; path = WeatherPresenter.swift; sourceTree = "<group>"; };
		7FBC2D3D2C5028BE005F52FE /* weatherRouter.swift */ = {isa = PBXFileReference; lastKnownFileType = sourcecode.swift; path = weatherRouter.swift; sourceTree = "<group>"; };
		7FBC2D3F2C5028E6005F52FE /* CitiesDetailsViewController.swift */ = {isa = PBXFileReference; lastKnownFileType = sourcecode.swift; path = CitiesDetailsViewController.swift; sourceTree = "<group>"; };
		7FBC2D472C503BD9005F52FE /* CitiesTableViewCell.swift */ = {isa = PBXFileReference; lastKnownFileType = sourcecode.swift; path = CitiesTableViewCell.swift; sourceTree = "<group>"; };
		7FBC2D482C503BD9005F52FE /* CitiesTableViewCell.xib */ = {isa = PBXFileReference; lastKnownFileType = file.xib; path = CitiesTableViewCell.xib; sourceTree = "<group>"; };
		7FBC2D4D2C50E4CB005F52FE /* FavouriteDelegation.swift */ = {isa = PBXFileReference; lastKnownFileType = sourcecode.swift; path = FavouriteDelegation.swift; sourceTree = "<group>"; };
/* End PBXFileReference section */

/* Begin PBXFrameworksBuildPhase section */
		7FBC2D0F2C4EA794005F52FE /* Frameworks */ = {
			isa = PBXFrameworksBuildPhase;
			buildActionMask = 2147483647;
			files = (
			);
			runOnlyForDeploymentPostprocessing = 0;
		};
/* End PBXFrameworksBuildPhase section */

/* Begin PBXGroup section */
		7FBC2D092C4EA794005F52FE = {
			isa = PBXGroup;
			children = (
				7FBC2D142C4EA794005F52FE /* EvaWeatherUIkit */,
				7FBC2D132C4EA794005F52FE /* Products */,
			);
			sourceTree = "<group>";
		};
		7FBC2D132C4EA794005F52FE /* Products */ = {
			isa = PBXGroup;
			children = (
				7FBC2D122C4EA794005F52FE /* EvaWeatherUIkit.app */,
			);
			name = Products;
			sourceTree = "<group>";
		};
		7FBC2D142C4EA794005F52FE /* EvaWeatherUIkit */ = {
			isa = PBXGroup;
			children = (
				7FBC2D2C2C4F9FFA005F52FE /* Entities */,
				7FBC2D2F2C4FA02E005F52FE /* Interactor */,
				7FBC2D302C4FA042005F52FE /* Presenter */,
				7FBC2D312C4FA04C005F52FE /* View */,
				7FBC2D322C4FA096005F52FE /* Router */,
				7FBC2D152C4EA794005F52FE /* AppDelegate.swift */,
				7FBC2D172C4EA794005F52FE /* SceneDelegate.swift */,
				7FBC2D1B2C4EA794005F52FE /* Main.storyboard */,
				7FBC2D212C4EA796005F52FE /* Assets.xcassets */,
				7FBC2D232C4EA796005F52FE /* LaunchScreen.storyboard */,
				7FBC2D262C4EA796005F52FE /* Info.plist */,
				7FBC2D1E2C4EA794005F52FE /* EvaWeatherUIkit.xcdatamodeld */,
				7FBC2D4D2C50E4CB005F52FE /* FavouriteDelegation.swift */,
			);
			path = EvaWeatherUIkit;
			sourceTree = "<group>";
		};
		7FBC2D2C2C4F9FFA005F52FE /* Entities */ = {
			isa = PBXGroup;
			children = (
				7FBC2D2D2C4FA019005F52FE /* WeatherData.swift */,
			);
			path = Entities;
			sourceTree = "<group>";
		};
		7FBC2D2F2C4FA02E005F52FE /* Interactor */ = {
			isa = PBXGroup;
			children = (
				7FBC2D372C5004DF005F52FE /* WeatherInteractor.swift */,
			);
			path = Interactor;
			sourceTree = "<group>";
		};
		7FBC2D302C4FA042005F52FE /* Presenter */ = {
			isa = PBXGroup;
			children = (
				7FBC2D3B2C501D8F005F52FE /* WeatherPresenter.swift */,
			);
			path = Presenter;
			sourceTree = "<group>";
		};
		7FBC2D312C4FA04C005F52FE /* View */ = {
			isa = PBXGroup;
			children = (
				7FBC2D192C4EA794005F52FE /* SplashViewController.swift */,
				7FBC2D352C4FA76E005F52FE /* CitiesTableViewController.swift */,
				7FBC2D3F2C5028E6005F52FE /* CitiesDetailsViewController.swift */,
				7FBC2D472C503BD9005F52FE /* CitiesTableViewCell.swift */,
				7FBC2D482C503BD9005F52FE /* CitiesTableViewCell.xib */,
			);
			path = View;
			sourceTree = "<group>";
		};
		7FBC2D322C4FA096005F52FE /* Router */ = {
			isa = PBXGroup;
			children = (
				7FBC2D3D2C5028BE005F52FE /* weatherRouter.swift */,
			);
			path = Router;
			sourceTree = "<group>";
		};
/* End PBXGroup section */

/* Begin PBXNativeTarget section */
		7FBC2D112C4EA794005F52FE /* EvaWeatherUIkit */ = {
			isa = PBXNativeTarget;
			buildConfigurationList = 7FBC2D292C4EA796005F52FE /* Build configuration list for PBXNativeTarget "EvaWeatherUIkit" */;
			buildPhases = (
				7FBC2D0E2C4EA794005F52FE /* Sources */,
				7FBC2D0F2C4EA794005F52FE /* Frameworks */,
				7FBC2D102C4EA794005F52FE /* Resources */,
			);
			buildRules = (
			);
			dependencies = (
			);
			name = EvaWeatherUIkit;
			productName = EvaWeatherUIkit;
			productReference = 7FBC2D122C4EA794005F52FE /* EvaWeatherUIkit.app */;
			productType = "com.apple.product-type.application";
		};
/* End PBXNativeTarget section */

/* Begin PBXProject section */
		7FBC2D0A2C4EA794005F52FE /* Project object */ = {
			isa = PBXProject;
			attributes = {
				BuildIndependentTargetsInParallel = 1;
				LastSwiftUpdateCheck = 1530;
				LastUpgradeCheck = 1530;
				TargetAttributes = {
					7FBC2D112C4EA794005F52FE = {
						CreatedOnToolsVersion = 15.3;
					};
				};
			};
			buildConfigurationList = 7FBC2D0D2C4EA794005F52FE /* Build configuration list for PBXProject "EvaWeatherUIkit" */;
			compatibilityVersion = "Xcode 14.0";
			developmentRegion = en;
			hasScannedForEncodings = 0;
			knownRegions = (
				en,
				Base,
			);
			mainGroup = 7FBC2D092C4EA794005F52FE;
			productRefGroup = 7FBC2D132C4EA794005F52FE /* Products */;
			projectDirPath = "";
			projectRoot = "";
			targets = (
				7FBC2D112C4EA794005F52FE /* EvaWeatherUIkit */,
			);
		};
/* End PBXProject section */

/* Begin PBXResourcesBuildPhase section */
		7FBC2D102C4EA794005F52FE /* Resources */ = {
			isa = PBXResourcesBuildPhase;
			buildActionMask = 2147483647;
			files = (
				7FBC2D492C503BD9005F52FE /* CitiesTableViewCell.xib in Resources */,
				7FBC2D222C4EA796005F52FE /* Assets.xcassets in Resources */,
				7FBC2D252C4EA796005F52FE /* Base in Resources */,
				7FBC2D1D2C4EA794005F52FE /* Base in Resources */,
			);
			runOnlyForDeploymentPostprocessing = 0;
		};
/* End PBXResourcesBuildPhase section */

/* Begin PBXSourcesBuildPhase section */
		7FBC2D0E2C4EA794005F52FE /* Sources */ = {
			isa = PBXSourcesBuildPhase;
			buildActionMask = 2147483647;
			files = (
				7FBC2D402C5028E6005F52FE /* CitiesDetailsViewController.swift in Sources */,
				7FBC2D1A2C4EA794005F52FE /* SplashViewController.swift in Sources */,
				7FBC2D3E2C5028BE005F52FE /* weatherRouter.swift in Sources */,
				7FBC2D3C2C501D8F005F52FE /* WeatherPresenter.swift in Sources */,
				7FBC2D4A2C503BD9005F52FE /* CitiesTableViewCell.swift in Sources */,
				7FBC2D4E2C50E4CB005F52FE /* FavouriteDelegation.swift in Sources */,
				7FBC2D2E2C4FA01A005F52FE /* WeatherData.swift in Sources */,
				7FBC2D362C4FA76E005F52FE /* CitiesTableViewController.swift in Sources */,
				7FBC2D162C4EA794005F52FE /* AppDelegate.swift in Sources */,
				7FBC2D202C4EA794005F52FE /* EvaWeatherUIkit.xcdatamodeld in Sources */,
				7FBC2D182C4EA794005F52FE /* SceneDelegate.swift in Sources */,
				7FBC2D382C5004DF005F52FE /* WeatherInteractor.swift in Sources */,
			);
			runOnlyForDeploymentPostprocessing = 0;
		};
/* End PBXSourcesBuildPhase section */

/* Begin PBXVariantGroup section */
		7FBC2D1B2C4EA794005F52FE /* Main.storyboard */ = {
			isa = PBXVariantGroup;
			children = (
				7FBC2D1C2C4EA794005F52FE /* Base */,
			);
			name = Main.storyboard;
			sourceTree = "<group>";
		};
		7FBC2D232C4EA796005F52FE /* LaunchScreen.storyboard */ = {
			isa = PBXVariantGroup;
			children = (
				7FBC2D242C4EA796005F52FE /* Base */,
			);
			name = LaunchScreen.storyboard;
			sourceTree = "<group>";
		};
/* End PBXVariantGroup section */

/* Begin XCBuildConfiguration section */
		7FBC2D272C4EA796005F52FE /* Debug */ = {
			isa = XCBuildConfiguration;
			buildSettings = {
				ALWAYS_SEARCH_USER_PATHS = NO;
				ASSETCATALOG_COMPILER_GENERATE_SWIFT_ASSET_SYMBOL_EXTENSIONS = YES;
				CLANG_ANALYZER_NONNULL = YES;
				CLANG_ANALYZER_NUMBER_OBJECT_CONVERSION = YES_AGGRESSIVE;
				CLANG_CXX_LANGUAGE_STANDARD = "gnu++20";
				CLANG_ENABLE_MODULES = YES;
				CLANG_ENABLE_OBJC_ARC = YES;
				CLANG_ENABLE_OBJC_WEAK = YES;
				CLANG_WARN_BLOCK_CAPTURE_AUTORELEASING = YES;
				CLANG_WARN_BOOL_CONVERSION = YES;
				CLANG_WARN_COMMA = YES;
				CLANG_WARN_CONSTANT_CONVERSION = YES;
				CLANG_WARN_DEPRECATED_OBJC_IMPLEMENTATIONS = YES;
				CLANG_WARN_DIRECT_OBJC_ISA_USAGE = YES_ERROR;
				CLANG_WARN_DOCUMENTATION_COMMENTS = YES;
				CLANG_WARN_EMPTY_BODY = YES;
				CLANG_WARN_ENUM_CONVERSION = YES;
				CLANG_WARN_INFINITE_RECURSION = YES;
				CLANG_WARN_INT_CONVERSION = YES;
				CLANG_WARN_NON_LITERAL_NULL_CONVERSION = YES;
				CLANG_WARN_OBJC_IMPLICIT_RETAIN_SELF = YES;
				CLANG_WARN_OBJC_LITERAL_CONVERSION = YES;
				CLANG_WARN_OBJC_ROOT_CLASS = YES_ERROR;
				CLANG_WARN_QUOTED_INCLUDE_IN_FRAMEWORK_HEADER = YES;
				CLANG_WARN_RANGE_LOOP_ANALYSIS = YES;
				CLANG_WARN_STRICT_PROTOTYPES = YES;
				CLANG_WARN_SUSPICIOUS_MOVE = YES;
				CLANG_WARN_UNGUARDED_AVAILABILITY = YES_AGGRESSIVE;
				CLANG_WARN_UNREACHABLE_CODE = YES;
				CLANG_WARN__DUPLICATE_METHOD_MATCH = YES;
				COPY_PHASE_STRIP = NO;
				DEBUG_INFORMATION_FORMAT = dwarf;
				ENABLE_STRICT_OBJC_MSGSEND = YES;
				ENABLE_TESTABILITY = YES;
				ENABLE_USER_SCRIPT_SANDBOXING = YES;
				GCC_C_LANGUAGE_STANDARD = gnu17;
				GCC_DYNAMIC_NO_PIC = NO;
				GCC_NO_COMMON_BLOCKS = YES;
				GCC_OPTIMIZATION_LEVEL = 0;
				GCC_PREPROCESSOR_DEFINITIONS = (
					"DEBUG=1",
					"$(inherited)",
				);
				GCC_WARN_64_TO_32_BIT_CONVERSION = YES;
				GCC_WARN_ABOUT_RETURN_TYPE = YES_ERROR;
				GCC_WARN_UNDECLARED_SELECTOR = YES;
				GCC_WARN_UNINITIALIZED_AUTOS = YES_AGGRESSIVE;
				GCC_WARN_UNUSED_FUNCTION = YES;
				GCC_WARN_UNUSED_VARIABLE = YES;
				IPHONEOS_DEPLOYMENT_TARGET = 17.4;
				LOCALIZATION_PREFERS_STRING_CATALOGS = YES;
				MTL_ENABLE_DEBUG_INFO = INCLUDE_SOURCE;
				MTL_FAST_MATH = YES;
				ONLY_ACTIVE_ARCH = YES;
				SDKROOT = iphoneos;
				SWIFT_ACTIVE_COMPILATION_CONDITIONS = "DEBUG $(inherited)";
				SWIFT_OPTIMIZATION_LEVEL = "-Onone";
			};
			name = Debug;
		};
		7FBC2D282C4EA796005F52FE /* Release */ = {
			isa = XCBuildConfiguration;
			buildSettings = {
				ALWAYS_SEARCH_USER_PATHS = NO;
				ASSETCATALOG_COMPILER_GENERATE_SWIFT_ASSET_SYMBOL_EXTENSIONS = YES;
				CLANG_ANALYZER_NONNULL = YES;
				CLANG_ANALYZER_NUMBER_OBJECT_CONVERSION = YES_AGGRESSIVE;
				CLANG_CXX_LANGUAGE_STANDARD = "gnu++20";
				CLANG_ENABLE_MODULES = YES;
				CLANG_ENABLE_OBJC_ARC = YES;
				CLANG_ENABLE_OBJC_WEAK = YES;
				CLANG_WARN_BLOCK_CAPTURE_AUTORELEASING = YES;
				CLANG_WARN_BOOL_CONVERSION = YES;
				CLANG_WARN_COMMA = YES;
				CLANG_WARN_CONSTANT_CONVERSION = YES;
				CLANG_WARN_DEPRECATED_OBJC_IMPLEMENTATIONS = YES;
				CLANG_WARN_DIRECT_OBJC_ISA_USAGE = YES_ERROR;
				CLANG_WARN_DOCUMENTATION_COMMENTS = YES;
				CLANG_WARN_EMPTY_BODY = YES;
				CLANG_WARN_ENUM_CONVERSION = YES;
				CLANG_WARN_INFINITE_RECURSION = YES;
				CLANG_WARN_INT_CONVERSION = YES;
				CLANG_WARN_NON_LITERAL_NULL_CONVERSION = YES;
				CLANG_WARN_OBJC_IMPLICIT_RETAIN_SELF = YES;
				CLANG_WARN_OBJC_LITERAL_CONVERSION = YES;
				CLANG_WARN_OBJC_ROOT_CLASS = YES_ERROR;
				CLANG_WARN_QUOTED_INCLUDE_IN_FRAMEWORK_HEADER = YES;
				CLANG_WARN_RANGE_LOOP_ANALYSIS = YES;
				CLANG_WARN_STRICT_PROTOTYPES = YES;
				CLANG_WARN_SUSPICIOUS_MOVE = YES;
				CLANG_WARN_UNGUARDED_AVAILABILITY = YES_AGGRESSIVE;
				CLANG_WARN_UNREACHABLE_CODE = YES;
				CLANG_WARN__DUPLICATE_METHOD_MATCH = YES;
				COPY_PHASE_STRIP = NO;
				DEBUG_INFORMATION_FORMAT = "dwarf-with-dsym";
				ENABLE_NS_ASSERTIONS = NO;
				ENABLE_STRICT_OBJC_MSGSEND = YES;
				ENABLE_USER_SCRIPT_SANDBOXING = YES;
				GCC_C_LANGUAGE_STANDARD = gnu17;
				GCC_NO_COMMON_BLOCKS = YES;
				GCC_WARN_64_TO_32_BIT_CONVERSION = YES;
				GCC_WARN_ABOUT_RETURN_TYPE = YES_ERROR;
				GCC_WARN_UNDECLARED_SELECTOR = YES;
				GCC_WARN_UNINITIALIZED_AUTOS = YES_AGGRESSIVE;
				GCC_WARN_UNUSED_FUNCTION = YES;
				GCC_WARN_UNUSED_VARIABLE = YES;
				IPHONEOS_DEPLOYMENT_TARGET = 17.4;
				LOCALIZATION_PREFERS_STRING_CATALOGS = YES;
				MTL_ENABLE_DEBUG_INFO = NO;
				MTL_FAST_MATH = YES;
				SDKROOT = iphoneos;
				SWIFT_COMPILATION_MODE = wholemodule;
				VALIDATE_PRODUCT = YES;
			};
			name = Release;
		};
		7FBC2D2A2C4EA796005F52FE /* Debug */ = {
			isa = XCBuildConfiguration;
			buildSettings = {
				ASSETCATALOG_COMPILER_APPICON_NAME = AppIcon;
				ASSETCATALOG_COMPILER_GLOBAL_ACCENT_COLOR_NAME = AccentColor;
				CODE_SIGN_STYLE = Automatic;
				CURRENT_PROJECT_VERSION = 1;
				GENERATE_INFOPLIST_FILE = YES;
				INFOPLIST_FILE = EvaWeatherUIkit/Info.plist;
				INFOPLIST_KEY_UIApplicationSupportsIndirectInputEvents = YES;
				INFOPLIST_KEY_UILaunchStoryboardName = LaunchScreen;
				INFOPLIST_KEY_UIMainStoryboardFile = Main;
				INFOPLIST_KEY_UISupportedInterfaceOrientations_iPad = "UIInterfaceOrientationPortrait UIInterfaceOrientationPortraitUpsideDown UIInterfaceOrientationLandscapeLeft UIInterfaceOrientationLandscapeRight";
				INFOPLIST_KEY_UISupportedInterfaceOrientations_iPhone = "UIInterfaceOrientationPortrait UIInterfaceOrientationLandscapeLeft UIInterfaceOrientationLandscapeRight";
				LD_RUNPATH_SEARCH_PATHS = (
					"$(inherited)",
					"@executable_path/Frameworks",
				);
				MARKETING_VERSION = 1.0;
				PRODUCT_BUNDLE_IDENTIFIER = com.iti.EvaWeatherUIkit;
				PRODUCT_NAME = "$(TARGET_NAME)";
				SWIFT_EMIT_LOC_STRINGS = YES;
				SWIFT_VERSION = 5.0;
				TARGETED_DEVICE_FAMILY = "1,2";
			};
			name = Debug;
		};
		7FBC2D2B2C4EA796005F52FE /* Release */ = {
			isa = XCBuildConfiguration;
			buildSettings = {
				ASSETCATALOG_COMPILER_APPICON_NAME = AppIcon;
				ASSETCATALOG_COMPILER_GLOBAL_ACCENT_COLOR_NAME = AccentColor;
				CODE_SIGN_STYLE = Automatic;
				CURRENT_PROJECT_VERSION = 1;
				GENERATE_INFOPLIST_FILE = YES;
				INFOPLIST_FILE = EvaWeatherUIkit/Info.plist;
				INFOPLIST_KEY_UIApplicationSupportsIndirectInputEvents = YES;
				INFOPLIST_KEY_UILaunchStoryboardName = LaunchScreen;
				INFOPLIST_KEY_UIMainStoryboardFile = Main;
				INFOPLIST_KEY_UISupportedInterfaceOrientations_iPad = "UIInterfaceOrientationPortrait UIInterfaceOrientationPortraitUpsideDown UIInterfaceOrientationLandscapeLeft UIInterfaceOrientationLandscapeRight";
				INFOPLIST_KEY_UISupportedInterfaceOrientations_iPhone = "UIInterfaceOrientationPortrait UIInterfaceOrientationLandscapeLeft UIInterfaceOrientationLandscapeRight";
				LD_RUNPATH_SEARCH_PATHS = (
					"$(inherited)",
					"@executable_path/Frameworks",
				);
				MARKETING_VERSION = 1.0;
				PRODUCT_BUNDLE_IDENTIFIER = com.iti.EvaWeatherUIkit;
				PRODUCT_NAME = "$(TARGET_NAME)";
				SWIFT_EMIT_LOC_STRINGS = YES;
				SWIFT_VERSION = 5.0;
				TARGETED_DEVICE_FAMILY = "1,2";
			};
			name = Release;
		};
/* End XCBuildConfiguration section */

/* Begin XCConfigurationList section */
		7FBC2D0D2C4EA794005F52FE /* Build configuration list for PBXProject "EvaWeatherUIkit" */ = {
			isa = XCConfigurationList;
			buildConfigurations = (
				7FBC2D272C4EA796005F52FE /* Debug */,
				7FBC2D282C4EA796005F52FE /* Release */,
			);
			defaultConfigurationIsVisible = 0;
			defaultConfigurationName = Release;
		};
		7FBC2D292C4EA796005F52FE /* Build configuration list for PBXNativeTarget "EvaWeatherUIkit" */ = {
			isa = XCConfigurationList;
			buildConfigurations = (
				7FBC2D2A2C4EA796005F52FE /* Debug */,
				7FBC2D2B2C4EA796005F52FE /* Release */,
			);
			defaultConfigurationIsVisible = 0;
			defaultConfigurationName = Release;
		};
/* End XCConfigurationList section */

/* Begin XCVersionGroup section */
		7FBC2D1E2C4EA794005F52FE /* EvaWeatherUIkit.xcdatamodeld */ = {
			isa = XCVersionGroup;
			children = (
				7FBC2D1F2C4EA794005F52FE /* EvaWeatherUIkit.xcdatamodel */,
			);
			currentVersion = 7FBC2D1F2C4EA794005F52FE /* EvaWeatherUIkit.xcdatamodel */;
			path = EvaWeatherUIkit.xcdatamodeld;
			sourceTree = "<group>";
			versionGroupType = wrapper.xcdatamodel;
		};
/* End XCVersionGroup section */
	};
	rootObject = 7FBC2D0A2C4EA794005F52FE /* Project object */;
}
